Microsoft Visual Studio Solution File, Format Version 12.00
# Visual Studio Version 16
VisualStudioVersion = 16.0.30002.166
MinimumVisualStudioVersion = 10.0.40219.1
Project("{9A19103F-16F7-4668-BE54-9A1E7A4F7556}") = "AndandoToursWeb", "AndandoToursWeb\AndandoToursWeb.csproj", "{0D4EE781-769D-4A64-9935-F6D7B1C750A5}"
EndProject
Global
	GlobalSection(SolutionConfigurationPlatforms) = preSolution
		Debug|Any CPU = Debug|Any CPU
		Release|Any CPU = Release|Any CPU
	EndGlobalSection
	GlobalSection(ProjectConfigurationPlatforms) = postSolution
		{0D4EE781-769D-4A64-9935-F6D7B1C750A5}.Debug|Any CPU.ActiveCfg = Debug|Any CPU
		{0D4EE781-769D-4A64-9935-F6D7B1C750A5}.Debug|Any CPU.Build.0 = Debug|Any CPU
		{0D4EE781-769D-4A64-9935-F6D7B1C750A5}.Release|Any CPU.ActiveCfg = Release|Any CPU
		{0D4EE781-769D-4A64-9935-F6D7B1C750A5}.Release|Any CPU.Build.0 = Release|Any CPU
	EndGlobalSection
	GlobalSection(SolutionProperties) = preSolution
		HideSolutionNode = FALSE
	EndGlobalSection
	GlobalSection(ExtensibilityGlobals) = postSolution
		SolutionGuid = {6725D43A-AC23-4497-80FA-75B8C1CAF83B}
	EndGlobalSection
EndGlobal
